{
  "requires": true,
  "lockfileVersion": 1,
  "dependencies": {
    "leaflet-control-geocoder": {
      "version": "1.5.8",
      "resolved": "https://registry.npmjs.org/leaflet-control-geocoder/-/leaflet-control-geocoder-1.5.8.tgz",
      "integrity": "sha512-RS7SjP6M2aombxfUu0EwZxsyxZajp71eU3m9pU0pIeJccy719bwbbh9UG5N752IWaQwoz6/Z4cPZ6NpVXVugSA=="
    }
  }
}
